{
  "version": 4,
  "terraform_version": "1.4.5",
  "serial": 1812,
  "lineage": "b62c16a1-36fd-4ade-4d56-1c091f18a868",
  "outputs": {
    "Database_instace": {
      "value": "database-9198",
      "type": "string"
    },
    "Linux_dns": {
      "value": [
        [
          "linux-9198-vm-dns-1.canadacentral.cloudapp.azure.com",
          "linux-9198-vm-dns-2.canadacentral.cloudapp.azure.com"
        ]
      ],
      "type": [
        "tuple",
        [
          [
            "tuple",
            [
              "string",
              "string"
            ]
          ]
        ]
      ]
    },
    "Linux_hostname": {
      "value": [
        [
          "linux-9198-vm-vm-1",
          "linux-9198-vm-vm-2"
        ]
      ],
      "type": [
        "tuple",
        [
          [
            "tuple",
            [
              "string",
              "string"
            ]
          ]
        ]
      ]
    },
    "Linux_private_ip_address": {
      "value": [
        [
          "10.0.1.6",
          "10.0.1.5"
        ]
      ],
      "type": [
        "tuple",
        [
          [
            "tuple",
            [
              "string",
              "string"
            ]
          ]
        ]
      ]
    },
    "Linux_public_ip_addresses": {
      "value": [
        [
          "20.104.247.212",
          "20.104.247.205"
        ]
      ],
      "type": [
        "tuple",
        [
          [
            "tuple",
            [
              "string",
              "string"
            ]
          ]
        ]
      ]
    },
    "Loadbalancer_name": {
      "value": "loadbalancer-9198",
      "type": "string"
    },
    "Windows_dns": {
      "value": "win-9198-dns",
      "type": "string"
    },
    "Windows_hostname": {
      "value": "win-9198-vm",
      "type": "string"
    },
    "Windows_private_ip_address": {
      "value": "10.0.1.4",
      "type": "string"
    },
    "Windows_public_ip_addresses": {
      "value": "20.104.247.207",
      "type": "string"
    },
    "la_workspace_name": {
      "value": "laworkspacerutul9198",
      "type": "string"
    },
    "network_address_space": {
      "value": "10.0.0.0/16",
      "type": "string"
    },
    "network_name": {
      "value": "vnet-production",
      "type": "string"
    },
    "nsg_id": {
      "value": "/subscriptions/187b5db0-c028-4ccf-9948-c76d9d4b0f59/resourceGroups/99198-assignment2-RG/providers/Microsoft.Network/networkSecurityGroups/nsg-1",
      "type": "string"
    },
    "nsg_name": {
      "value": "nsg-1",
      "type": "string"
    },
    "recovery_vault_name": {
      "value": "rsvaultrutul9198",
      "type": "string"
    },
    "rgroup_name": {
      "value": "99198-assignment2-RG",
      "type": "string"
    },
    "storage_account_name": {
      "value": "storageaccountrutul9198",
      "type": "string"
    },
    "subnet_address_space": {
      "value": [
        "10.0.1.0/24"
      ],
      "type": [
        "list",
        "string"
      ]
    },
    "subnet_id": {
      "value": "/subscriptions/187b5db0-c028-4ccf-9948-c76d9d4b0f59/resourceGroups/99198-assignment2-RG/providers/Microsoft.Network/virtualNetworks/vnet-production/subnets/subnet-1",
      "type": "string"
    },
    "subnet_name": {
      "value": "subnet-1",
      "type": "string"
    },
    "tags": {
      "value": {
        "Environment": "Lab",
        "ExpirationDate": "2023-06-30",
        "Name": "Rutul.Joshi",
        "Project": "Automation Project – Assignment 2"
      },
      "type": [
        "map",
        "string"
      ]
    }
  },
  "resources": [
    {
      "module": "module.common",
      "mode": "managed",
      "type": "azurerm_log_analytics_workspace",
      "name": "la_workspace",
      "provider": "provider[\"registry.terraform.io/hashicorp/azurerm\"]",
      "instances": [
        {
          "schema_version": 2,
          "attributes": {
            "allow_resource_only_permissions": true,
            "cmk_for_query_forced": false,
            "daily_quota_gb": -1,
            "id": "/subscriptions/187b5db0-c028-4ccf-9948-c76d9d4b0f59/resourceGroups/99198-assignment2-RG/providers/Microsoft.OperationalInsights/workspaces/laworkspacerutul9198",
            "internet_ingestion_enabled": true,
            "internet_query_enabled": true,
            "location": "canadacentral",
            "name": "laworkspacerutul9198",
            "primary_shared_key": "R6Ei5/oLZ4n8srddrAjIhyl3D90BC6pY3KrBQY5CicxxMD7IONbUSrmXxPHwbTOU0Zy8e2t/AewOooVrpRVh0g==",
            "reservation_capacity_in_gb_per_day": null,
            "resource_group_name": "99198-assignment2-RG",
            "retention_in_days": 30,
            "secondary_shared_key": "zlMXea97mpORN7CUSvUzWBMyFW6qx7Zla6DqsEMgb/coLVr3w5vCJX5BS6fUjJwMnx3HtiWlE2bsfwNJF1tsiA==",
            "sku": "PerGB2018",
            "tags": {
              "Environment": "Lab",
              "ExpirationDate": "2023-06-30",
              "Name": "Rutul.Joshi",
              "Project": "Automation Project – Assignment 2"
            },
            "timeouts": null,
            "workspace_id": "44f09a37-9345-4ee0-9c0a-88cb755d3ca7"
          },
          "sensitive_attributes": [],
          "private": "eyJlMmJmYjczMC1lY2FhLTExZTYtOGY4OC0zNDM2M2JjN2M0YzAiOnsiY3JlYXRlIjoxODAwMDAwMDAwMDAwLCJkZWxldGUiOjE4MDAwMDAwMDAwMDAsInJlYWQiOjMwMDAwMDAwMDAwMCwidXBkYXRlIjoxODAwMDAwMDAwMDAwfSwic2NoZW1hX3ZlcnNpb24iOiIyIn0=",
          "dependencies": [
            "module.resource_group.azurerm_resource_group.this"
          ]
        }
      ]
    },
    {
      "module": "module.common",
      "mode": "managed",
      "type": "azurerm_recovery_services_vault",
      "name": "recovery_vault",
      "provider": "provider[\"registry.terraform.io/hashicorp/azurerm\"]",
      "instances": [
        {
          "schema_version": 0,
          "attributes": {
            "cross_region_restore_enabled": false,
            "encryption": [],
            "id": "/subscriptions/187b5db0-c028-4ccf-9948-c76d9d4b0f59/resourceGroups/99198-assignment2-RG/providers/Microsoft.RecoveryServices/vaults/rsvaultrutul9198",
            "identity": [],
            "location": "canadacentral",
            "name": "rsvaultrutul9198",
            "resource_group_name": "99198-assignment2-RG",
            "sku": "Standard",
            "soft_delete_enabled": true,
            "storage_mode_type": "GeoRedundant",
            "tags": {
              "Environment": "Lab",
              "ExpirationDate": "2023-06-30",
              "Name": "Rutul.Joshi",
              "Project": "Automation Project – Assignment 2"
            },
            "timeouts": null
          },
          "sensitive_attributes": [],
          "private": "eyJlMmJmYjczMC1lY2FhLTExZTYtOGY4OC0zNDM2M2JjN2M0YzAiOnsiY3JlYXRlIjozNjAwMDAwMDAwMDAwLCJkZWxldGUiOjE4MDAwMDAwMDAwMDAsInJlYWQiOjMwMDAwMDAwMDAwMCwidXBkYXRlIjozNjAwMDAwMDAwMDAwfX0=",
          "dependencies": [
            "module.resource_group.azurerm_resource_group.this"
          ]
        }
      ]
    },
    {
      "module": "module.common",
      "mode": "managed",
      "type": "azurerm_storage_account",
      "name": "storage_account",
      "provider": "provider[\"registry.terraform.io/hashicorp/azurerm\"]",
      "instances": [
        {
          "schema_version": 3,
          "attributes": {
            "access_tier": "Hot",
            "account_kind": "StorageV2",
            "account_replication_type": "LRS",
            "account_tier": "Standard",
            "allow_nested_items_to_be_public": true,
            "allowed_copy_scope": "",
            "azure_files_authentication": [],
            "blob_properties": [
              {
                "change_feed_enabled": false,
                "change_feed_retention_in_days": 0,
                "container_delete_retention_policy": [],
                "cors_rule": [],
                "default_service_version": "",
                "delete_retention_policy": [],
                "last_access_time_enabled": false,
                "restore_policy": [],
                "versioning_enabled": false
              }
            ],
            "cross_tenant_replication_enabled": true,
            "custom_domain": [],
            "customer_managed_key": [],
            "default_to_oauth_authentication": false,
            "edge_zone": "",
            "enable_https_traffic_only": true,
            "id": "/subscriptions/187b5db0-c028-4ccf-9948-c76d9d4b0f59/resourceGroups/99198-assignment2-RG/providers/Microsoft.Storage/storageAccounts/storageaccountrutul9198",
            "identity": [],
            "immutability_policy": [],
            "infrastructure_encryption_enabled": false,
            "is_hns_enabled": false,
            "large_file_share_enabled": null,
            "location": "canadacentral",
            "min_tls_version": "TLS1_2",
            "name": "storageaccountrutul9198",
            "network_rules": [
              {
                "bypass": [
                  "AzureServices"
                ],
                "default_action": "Allow",
                "ip_rules": [],
                "private_link_access": [],
                "virtual_network_subnet_ids": []
              }
            ],
            "nfsv3_enabled": false,
            "primary_access_key": "hWmIkuHQJqpKQgSNLFk42oSJWRQtxCxXbcGiTbXyFq8giXMJikan1c+0SL+v/WFuFjSX6nh5lsCK+AStUoz+aA==",
            "primary_blob_connection_string": "DefaultEndpointsProtocol=https;BlobEndpoint=https://storageaccountrutul9198.blob.core.windows.net/;AccountName=storageaccountrutul9198;AccountKey=hWmIkuHQJqpKQgSNLFk42oSJWRQtxCxXbcGiTbXyFq8giXMJikan1c+0SL+v/WFuFjSX6nh5lsCK+AStUoz+aA==",
            "primary_blob_endpoint": "https://storageaccountrutul9198.blob.core.windows.net/",
            "primary_blob_host": "storageaccountrutul9198.blob.core.windows.net",
            "primary_connection_string": "DefaultEndpointsProtocol=https;AccountName=storageaccountrutul9198;AccountKey=hWmIkuHQJqpKQgSNLFk42oSJWRQtxCxXbcGiTbXyFq8giXMJikan1c+0SL+v/WFuFjSX6nh5lsCK+AStUoz+aA==;EndpointSuffix=core.windows.net",
            "primary_dfs_endpoint": "https://storageaccountrutul9198.dfs.core.windows.net/",
            "primary_dfs_host": "storageaccountrutul9198.dfs.core.windows.net",
            "primary_file_endpoint": "https://storageaccountrutul9198.file.core.windows.net/",
            "primary_file_host": "storageaccountrutul9198.file.core.windows.net",
            "primary_location": "canadacentral",
            "primary_queue_endpoint": "https://storageaccountrutul9198.queue.core.windows.net/",
            "primary_queue_host": "storageaccountrutul9198.queue.core.windows.net",
            "primary_table_endpoint": "https://storageaccountrutul9198.table.core.windows.net/",
            "primary_table_host": "storageaccountrutul9198.table.core.windows.net",
            "primary_web_endpoint": "https://storageaccountrutul9198.z9.web.core.windows.net/",
            "primary_web_host": "storageaccountrutul9198.z9.web.core.windows.net",
            "public_network_access_enabled": true,
            "queue_encryption_key_type": "Service",
            "queue_properties": [
              {
                "cors_rule": [],
                "hour_metrics": [
                  {
                    "enabled": true,
                    "include_apis": true,
                    "retention_policy_days": 7,
                    "version": "1.0"
                  }
                ],
                "logging": [
                  {
                    "delete": false,
                    "read": false,
                    "retention_policy_days": 0,
                    "version": "1.0",
                    "write": false
                  }
                ],
                "minute_metrics": [
                  {
                    "enabled": false,
                    "include_apis": false,
                    "retention_policy_days": 0,
                    "version": "1.0"
                  }
                ]
              }
            ],
            "resource_group_name": "99198-assignment2-RG",
            "routing": [],
            "sas_policy": [],
            "secondary_access_key": "JMAgy3ORdUbwIw3kdRU10LZNeIAjYwXGeFK7Rkd4hltslxDOsAOk6F4CkGz9cLL1rKeyZ6vXaZ6c+ASthUVzag==",
            "secondary_blob_connection_string": "",
            "secondary_blob_endpoint": null,
            "secondary_blob_host": null,
            "secondary_connection_string": "DefaultEndpointsProtocol=https;AccountName=storageaccountrutul9198;AccountKey=JMAgy3ORdUbwIw3kdRU10LZNeIAjYwXGeFK7Rkd4hltslxDOsAOk6F4CkGz9cLL1rKeyZ6vXaZ6c+ASthUVzag==;EndpointSuffix=core.windows.net",
            "secondary_dfs_endpoint": null,
            "secondary_dfs_host": null,
            "secondary_file_endpoint": null,
            "secondary_file_host": null,
            "secondary_location": "",
            "secondary_queue_endpoint": null,
            "secondary_queue_host": null,
            "secondary_table_endpoint": null,
            "secondary_table_host": null,
            "secondary_web_endpoint": null,
            "secondary_web_host": null,
            "sftp_enabled": false,
            "share_properties": [
              {
                "cors_rule": [],
                "retention_policy": [
                  {
                    "days": 7
                  }
                ],
                "smb": []
              }
            ],
            "shared_access_key_enabled": true,
            "static_website": [],
            "table_encryption_key_type": "Service",
            "tags": {
              "Environment": "Lab",
              "ExpirationDate": "2023-06-30",
              "Name": "Rutul.Joshi",
              "Project": "Automation Project – Assignment 2"
            },
            "timeouts": null
          },
          "sensitive_attributes": [],
          "private": "eyJlMmJmYjczMC1lY2FhLTExZTYtOGY4OC0zNDM2M2JjN2M0YzAiOnsiY3JlYXRlIjozNjAwMDAwMDAwMDAwLCJkZWxldGUiOjM2MDAwMDAwMDAwMDAsInJlYWQiOjMwMDAwMDAwMDAwMCwidXBkYXRlIjozNjAwMDAwMDAwMDAwfSwic2NoZW1hX3ZlcnNpb24iOiIzIn0=",
          "dependencies": [
            "module.resource_group.azurerm_resource_group.this"
          ]
        }
      ]
    },
    {
      "module": "module.common",
      "mode": "managed",
      "type": "azurerm_storage_container",
      "name": "container",
      "provider": "provider[\"registry.terraform.io/hashicorp/azurerm\"]",
      "instances": [
        {
          "schema_version": 1,
          "attributes": {
            "container_access_type": "private",
            "has_immutability_policy": false,
            "has_legal_hold": false,
            "id": "https://storageaccountrutul9198.blob.core.windows.net/tfstatefiles",
            "metadata": {},
            "name": "tfstatefiles",
            "resource_manager_id": "/subscriptions/187b5db0-c028-4ccf-9948-c76d9d4b0f59/resourceGroups/99198-assignment2-RG/providers/Microsoft.Storage/storageAccounts/storageaccountrutul9198/blobServices/default/containers/tfstatefiles",
            "storage_account_name": "storageaccountrutul9198",
            "timeouts": null
          },
          "sensitive_attributes": [],
          "private": "eyJlMmJmYjczMC1lY2FhLTExZTYtOGY4OC0zNDM2M2JjN2M0YzAiOnsiY3JlYXRlIjoxODAwMDAwMDAwMDAwLCJkZWxldGUiOjE4MDAwMDAwMDAwMDAsInJlYWQiOjMwMDAwMDAwMDAwMCwidXBkYXRlIjoxODAwMDAwMDAwMDAwfSwic2NoZW1hX3ZlcnNpb24iOiIxIn0=",
          "dependencies": [
            "module.common.azurerm_storage_account.storage_account",
            "module.resource_group.azurerm_resource_group.this"
          ]
        }
      ]
    },
    {
      "module": "module.database",
      "mode": "managed",
      "type": "azurerm_postgresql_database",
      "name": "database",
      "provider": "provider[\"registry.terraform.io/hashicorp/azurerm\"]",
      "instances": [
        {
          "schema_version": 1,
          "attributes": {
            "charset": "UTF8",
            "collation": "English_United States.1252",
            "id": "/subscriptions/187b5db0-c028-4ccf-9948-c76d9d4b0f59/resourceGroups/99198-assignment2-RG/providers/Microsoft.DBforPostgreSQL/servers/postgresql-server-9198/databases/database-9198",
            "name": "database-9198",
            "resource_group_name": "99198-assignment2-RG",
            "server_name": "postgresql-server-9198",
            "timeouts": null
          },
          "sensitive_attributes": [],
          "private": "eyJlMmJmYjczMC1lY2FhLTExZTYtOGY4OC0zNDM2M2JjN2M0YzAiOnsiY3JlYXRlIjozNjAwMDAwMDAwMDAwLCJkZWxldGUiOjM2MDAwMDAwMDAwMDAsInJlYWQiOjMwMDAwMDAwMDAwMCwidXBkYXRlIjozNjAwMDAwMDAwMDAwfSwic2NoZW1hX3ZlcnNpb24iOiIxIn0=",
          "dependencies": [
            "module.database.azurerm_postgresql_server.postsql_server",
            "module.resource_group.azurerm_resource_group.this"
          ]
        }
      ]
    },
    {
      "module": "module.database",
      "mode": "managed",
      "type": "azurerm_postgresql_server",
      "name": "postsql_server",
      "provider": "provider[\"registry.terraform.io/hashicorp/azurerm\"]",
      "instances": [
        {
          "schema_version": 1,
          "attributes": {
            "administrator_login": "rutul",
            "administrator_login_password": "Humber@3099",
            "auto_grow_enabled": true,
            "backup_retention_days": 7,
            "create_mode": "Default",
            "creation_source_server_id": null,
            "fqdn": "postgresql-server-9198.postgres.database.azure.com",
            "geo_redundant_backup_enabled": false,
            "id": "/subscriptions/187b5db0-c028-4ccf-9948-c76d9d4b0f59/resourceGroups/99198-assignment2-RG/providers/Microsoft.DBforPostgreSQL/servers/postgresql-server-9198",
            "identity": [],
            "infrastructure_encryption_enabled": false,
            "location": "canadacentral",
            "name": "postgresql-server-9198",
            "public_network_access_enabled": true,
            "resource_group_name": "99198-assignment2-RG",
            "restore_point_in_time": null,
            "sku_name": "B_Gen5_1",
            "ssl_enforcement_enabled": true,
            "ssl_minimal_tls_version_enforced": "TLS1_2",
            "storage_mb": 5120,
            "tags": {
              "Environment": "Lab",
              "ExpirationDate": "2023-06-30",
              "Name": "Rutul.Joshi",
              "Project": "Automation Project – Assignment 2"
            },
            "threat_detection_policy": [],
            "timeouts": null,
            "version": "11"
          },
          "sensitive_attributes": [],
          "private": "eyJlMmJmYjczMC1lY2FhLTExZTYtOGY4OC0zNDM2M2JjN2M0YzAiOnsiY3JlYXRlIjozNjAwMDAwMDAwMDAwLCJkZWxldGUiOjM2MDAwMDAwMDAwMDAsInJlYWQiOjMwMDAwMDAwMDAwMCwidXBkYXRlIjozNjAwMDAwMDAwMDAwfSwic2NoZW1hX3ZlcnNpb24iOiIxIn0=",
          "dependencies": [
            "module.resource_group.azurerm_resource_group.this"
          ]
        }
      ]
    },
    {
      "module": "module.datadisk",
      "mode": "managed",
      "type": "azurerm_managed_disk",
      "name": "linux_data_disk",
      "provider": "provider[\"registry.terraform.io/hashicorp/azurerm\"]",
      "instances": [
        {
          "index_key": "lvm-9198-vm-1",
          "schema_version": 1,
          "attributes": {
            "create_option": "Empty",
            "disk_access_id": "",
            "disk_encryption_set_id": "",
            "disk_iops_read_only": 0,
            "disk_iops_read_write": 500,
            "disk_mbps_read_only": 0,
            "disk_mbps_read_write": 60,
            "disk_size_gb": 10,
            "edge_zone": "",
            "encryption_settings": [],
            "gallery_image_reference_id": "",
            "hyper_v_generation": "",
            "id": "/subscriptions/187b5db0-c028-4ccf-9948-c76d9d4b0f59/resourceGroups/99198-assignment2-RG/providers/Microsoft.Compute/disks/lvm-9198-vm-1-data-disk",
            "image_reference_id": "",
            "location": "canadacentral",
            "logical_sector_size": null,
            "max_shares": 0,
            "name": "lvm-9198-vm-1-data-disk",
            "network_access_policy": null,
            "on_demand_bursting_enabled": false,
            "os_type": "",
            "public_network_access_enabled": true,
            "resource_group_name": "99198-assignment2-RG",
            "secure_vm_disk_encryption_set_id": "",
            "security_type": "",
            "source_resource_id": "",
            "source_uri": "",
            "storage_account_id": "",
            "storage_account_type": "Standard_LRS",
            "tags": {
              "Environment": "Lab",
              "ExpirationDate": "2023-06-30",
              "Name": "Rutul.Joshi",
              "Project": "Automation Project – Assignment 2"
            },
            "tier": "",
            "timeouts": null,
            "trusted_launch_enabled": false,
            "upload_size_bytes": 0,
            "zone": ""
          },
          "sensitive_attributes": [],
          "private": "eyJlMmJmYjczMC1lY2FhLTExZTYtOGY4OC0zNDM2M2JjN2M0YzAiOnsiY3JlYXRlIjoxODAwMDAwMDAwMDAwLCJkZWxldGUiOjE4MDAwMDAwMDAwMDAsInJlYWQiOjMwMDAwMDAwMDAwMCwidXBkYXRlIjoxODAwMDAwMDAwMDAwfSwic2NoZW1hX3ZlcnNpb24iOiIxIn0=",
          "dependencies": [
            "module.resource_group.azurerm_resource_group.this"
          ]
        },
        {
          "index_key": "lvm-9198-vm-2",
          "schema_version": 1,
          "attributes": {
            "create_option": "Empty",
            "disk_access_id": "",
            "disk_encryption_set_id": "",
            "disk_iops_read_only": 0,
            "disk_iops_read_write": 500,
            "disk_mbps_read_only": 0,
            "disk_mbps_read_write": 60,
            "disk_size_gb": 10,
            "edge_zone": "",
            "encryption_settings": [],
            "gallery_image_reference_id": "",
            "hyper_v_generation": "",
            "id": "/subscriptions/187b5db0-c028-4ccf-9948-c76d9d4b0f59/resourceGroups/99198-assignment2-RG/providers/Microsoft.Compute/disks/lvm-9198-vm-2-data-disk",
            "image_reference_id": "",
            "location": "canadacentral",
            "logical_sector_size": null,
            "max_shares": 0,
            "name": "lvm-9198-vm-2-data-disk",
            "network_access_policy": null,
            "on_demand_bursting_enabled": false,
            "os_type": "",
            "public_network_access_enabled": true,
            "resource_group_name": "99198-assignment2-RG",
            "secure_vm_disk_encryption_set_id": "",
            "security_type": "",
            "source_resource_id": "",
            "source_uri": "",
            "storage_account_id": "",
            "storage_account_type": "Standard_LRS",
            "tags": {
              "Environment": "Lab",
              "ExpirationDate": "2023-06-30",
              "Name": "Rutul.Joshi",
              "Project": "Automation Project – Assignment 2"
            },
            "tier": "",
            "timeouts": null,
            "trusted_launch_enabled": false,
            "upload_size_bytes": 0,
            "zone": ""
          },
          "sensitive_attributes": [],
          "private": "eyJlMmJmYjczMC1lY2FhLTExZTYtOGY4OC0zNDM2M2JjN2M0YzAiOnsiY3JlYXRlIjoxODAwMDAwMDAwMDAwLCJkZWxldGUiOjE4MDAwMDAwMDAwMDAsInJlYWQiOjMwMDAwMDAwMDAwMCwidXBkYXRlIjoxODAwMDAwMDAwMDAwfSwic2NoZW1hX3ZlcnNpb24iOiIxIn0=",
          "dependencies": [
            "module.resource_group.azurerm_resource_group.this"
          ]
        }
      ]
    },
    {
      "module": "module.datadisk",
      "mode": "managed",
      "type": "azurerm_virtual_machine_data_disk_attachment",
      "name": "linux_data_disk_attach",
      "provider": "provider[\"registry.terraform.io/hashicorp/azurerm\"]",
      "instances": [
        {
          "index_key": "lvm-9198-vm-1",
          "schema_version": 0,
          "attributes": {
            "caching": "ReadWrite",
            "create_option": "Attach",
            "id": "/subscriptions/187b5db0-c028-4ccf-9948-c76d9d4b0f59/resourceGroups/99198-assignment2-RG/providers/Microsoft.Compute/virtualMachines/linux-9198-vm-vm-1/dataDisks/lvm-9198-vm-1-data-disk",
            "lun": 0,
            "managed_disk_id": "/subscriptions/187b5db0-c028-4ccf-9948-c76d9d4b0f59/resourceGroups/99198-assignment2-RG/providers/Microsoft.Compute/disks/lvm-9198-vm-1-data-disk",
            "timeouts": null,
            "virtual_machine_id": "/subscriptions/187b5db0-c028-4ccf-9948-c76d9d4b0f59/resourceGroups/99198-assignment2-RG/providers/Microsoft.Compute/virtualMachines/linux-9198-vm-vm-1",
            "write_accelerator_enabled": false
          },
          "sensitive_attributes": [],
          "private": "eyJlMmJmYjczMC1lY2FhLTExZTYtOGY4OC0zNDM2M2JjN2M0YzAiOnsiY3JlYXRlIjoxODAwMDAwMDAwMDAwLCJkZWxldGUiOjE4MDAwMDAwMDAwMDAsInJlYWQiOjMwMDAwMDAwMDAwMCwidXBkYXRlIjoxODAwMDAwMDAwMDAwfX0=",
          "dependencies": [
            "module.common.azurerm_storage_account.storage_account",
            "module.datadisk.azurerm_managed_disk.linux_data_disk",
            "module.linux.azurerm_availability_set.linux-avs",
            "module.linux.azurerm_linux_virtual_machine.linux-vm",
            "module.linux.azurerm_network_interface.linux-nic",
            "module.linux.azurerm_public_ip.linux-pip",
            "module.network.azurerm_subnet.subnet-1",
            "module.network.azurerm_virtual_network.network",
            "module.resource_group.azurerm_resource_group.this"
          ]
        },
        {
          "index_key": "lvm-9198-vm-2",
          "schema_version": 0,
          "attributes": {
            "caching": "ReadWrite",
            "create_option": "Attach",
            "id": "/subscriptions/187b5db0-c028-4ccf-9948-c76d9d4b0f59/resourceGroups/99198-assignment2-RG/providers/Microsoft.Compute/virtualMachines/linux-9198-vm-vm-2/dataDisks/lvm-9198-vm-2-data-disk",
            "lun": 0,
            "managed_disk_id": "/subscriptions/187b5db0-c028-4ccf-9948-c76d9d4b0f59/resourceGroups/99198-assignment2-RG/providers/Microsoft.Compute/disks/lvm-9198-vm-2-data-disk",
            "timeouts": null,
            "virtual_machine_id": "/subscriptions/187b5db0-c028-4ccf-9948-c76d9d4b0f59/resourceGroups/99198-assignment2-RG/providers/Microsoft.Compute/virtualMachines/linux-9198-vm-vm-2",
            "write_accelerator_enabled": false
          },
          "sensitive_attributes": [],
          "private": "eyJlMmJmYjczMC1lY2FhLTExZTYtOGY4OC0zNDM2M2JjN2M0YzAiOnsiY3JlYXRlIjoxODAwMDAwMDAwMDAwLCJkZWxldGUiOjE4MDAwMDAwMDAwMDAsInJlYWQiOjMwMDAwMDAwMDAwMCwidXBkYXRlIjoxODAwMDAwMDAwMDAwfX0=",
          "dependencies": [
            "module.common.azurerm_storage_account.storage_account",
            "module.datadisk.azurerm_managed_disk.linux_data_disk",
            "module.linux.azurerm_availability_set.linux-avs",
            "module.linux.azurerm_linux_virtual_machine.linux-vm",
            "module.linux.azurerm_network_interface.linux-nic",
            "module.linux.azurerm_public_ip.linux-pip",
            "module.network.azurerm_subnet.subnet-1",
            "module.network.azurerm_virtual_network.network",
            "module.resource_group.azurerm_resource_group.this"
          ]
        }
      ]
    },
    {
      "module": "module.linux",
      "mode": "managed",
      "type": "azurerm_availability_set",
      "name": "linux-avs",
      "provider": "provider[\"registry.terraform.io/hashicorp/azurerm\"]",
      "instances": [
        {
          "schema_version": 0,
          "attributes": {
            "id": "/subscriptions/187b5db0-c028-4ccf-9948-c76d9d4b0f59/resourceGroups/99198-assignment2-RG/providers/Microsoft.Compute/availabilitySets/linux-avs",
            "location": "canadacentral",
            "managed": true,
            "name": "linux-avs",
            "platform_fault_domain_count": 2,
            "platform_update_domain_count": 10,
            "proximity_placement_group_id": null,
            "resource_group_name": "99198-assignment2-RG",
            "tags": {},
            "timeouts": null
          },
          "sensitive_attributes": [],
          "private": "eyJlMmJmYjczMC1lY2FhLTExZTYtOGY4OC0zNDM2M2JjN2M0YzAiOnsiY3JlYXRlIjoxODAwMDAwMDAwMDAwLCJkZWxldGUiOjE4MDAwMDAwMDAwMDAsInJlYWQiOjMwMDAwMDAwMDAwMCwidXBkYXRlIjoxODAwMDAwMDAwMDAwfX0=",
          "dependencies": [
            "module.resource_group.azurerm_resource_group.this"
          ]
        }
      ]
    },
    {
      "module": "module.linux",
      "mode": "managed",
      "type": "azurerm_linux_virtual_machine",
      "name": "linux-vm",
      "provider": "provider[\"registry.terraform.io/hashicorp/azurerm\"]",
      "instances": [
        {
          "index_key": 0,
          "schema_version": 0,
          "attributes": {
            "additional_capabilities": [],
            "admin_password": null,
            "admin_ssh_key": [
              {
                "public_key": "ssh-rsa AAAAB3NzaC1yc2EAAAADAQABAAABgQCsSo+ff/qGNXi+dVH/ftayAXFAGqmL4eKJ08cPYil1z451bYgydQapkCNICFhDLes4bhqUI3nKQ6EXw96DG5gQrgdeAN0yn/RwjCZKxD8cwbjl0jeCvI7ORgMc/tUDHyNOToYmc8lIH6tK7Lny/8eLUxn8HjyT8ragxx7Lp1YMVxOVOFmOEpV4KKZJJtzZR0qxUP2tp9BBSJkRCQyIiIJKjb7X1aCBUd7JyM13Y9M6mz11WlBCLnFQ4Iut0AFM7GSZbJcBhhg5GEwSNGdEzBj3NJNM+UJ8pRIdcRkXWlbwhjiyfCyCimDLfRsfq2OIhDfcvIG83v/sz+BqfF27JRavpznGc4ZZ72txOutftUmkLVQlLL4bLk8n8YthtwPrzvARGBP87bp1eQPotL6UfXSmOdBHzst23onFbRuiq3wxG5N8n9wmS2WTmecf30oRdGp0JRBnO6KzeUH3FEtnfTmFREtjsHNt3UU/3hxNp8CMEBNyIMeELBDQvAaeP8/4RHE= Rutul Joshi@HCHUMBE-UDN1HFQ\n",
                "username": "rj3099"
              }
            ],
            "admin_username": "rj3099",
            "allow_extension_operations": true,
            "availability_set_id": "/subscriptions/187b5db0-c028-4ccf-9948-c76d9d4b0f59/resourceGroups/99198-assignment2-RG/providers/Microsoft.Compute/availabilitySets/LINUX-AVS",
            "boot_diagnostics": [
              {
                "storage_account_uri": "https://storageaccountrutul9198.blob.core.windows.net/"
              }
            ],
            "capacity_reservation_group_id": "",
            "computer_name": "linux-9198-vm-cn-1",
            "custom_data": null,
            "dedicated_host_group_id": "",
            "dedicated_host_id": "",
            "disable_password_authentication": true,
            "edge_zone": "",
            "encryption_at_host_enabled": false,
            "eviction_policy": "",
            "extensions_time_budget": "PT1H30M",
            "gallery_application": [],
            "id": "/subscriptions/187b5db0-c028-4ccf-9948-c76d9d4b0f59/resourceGroups/99198-assignment2-RG/providers/Microsoft.Compute/virtualMachines/linux-9198-vm-vm-1",
            "identity": [],
            "license_type": "",
            "location": "canadacentral",
            "max_bid_price": -1,
            "name": "linux-9198-vm-vm-1",
            "network_interface_ids": [
              "/subscriptions/187b5db0-c028-4ccf-9948-c76d9d4b0f59/resourceGroups/99198-assignment2-RG/providers/Microsoft.Network/networkInterfaces/linux-9198-vm-nic-2"
            ],
            "os_disk": [
              {
                "caching": "ReadWrite",
                "diff_disk_settings": [],
                "disk_encryption_set_id": "",
                "disk_size_gb": 32,
                "name": "linux-9198-vm-os-disk-1",
                "secure_vm_disk_encryption_set_id": "",
                "security_encryption_type": "",
                "storage_account_type": "Premium_LRS",
                "write_accelerator_enabled": false
              }
            ],
            "patch_assessment_mode": "ImageDefault",
            "patch_mode": "ImageDefault",
            "plan": [],
            "platform_fault_domain": -1,
            "priority": "Regular",
            "private_ip_address": "10.0.1.6",
            "private_ip_addresses": [
              "10.0.1.6"
            ],
            "provision_vm_agent": true,
            "proximity_placement_group_id": "",
            "public_ip_address": "20.104.247.212",
            "public_ip_addresses": [
              "20.104.247.212"
            ],
            "resource_group_name": "99198-assignment2-RG",
            "secret": [],
            "secure_boot_enabled": false,
            "size": "Standard_B1ms",
            "source_image_id": "",
            "source_image_reference": [
              {
                "offer": "CentOS",
                "publisher": "OpenLogic",
                "sku": "8_2",
                "version": "latest"
              }
            ],
            "tags": {},
            "termination_notification": [],
            "timeouts": null,
            "user_data": "",
            "virtual_machine_id": "6dd80fb8-9969-4a40-a11c-40c63915b2cc",
            "virtual_machine_scale_set_id": "",
            "vtpm_enabled": false,
            "zone": ""
          },
          "sensitive_attributes": [],
          "private": "eyJlMmJmYjczMC1lY2FhLTExZTYtOGY4OC0zNDM2M2JjN2M0YzAiOnsiY3JlYXRlIjoyNzAwMDAwMDAwMDAwLCJkZWxldGUiOjI3MDAwMDAwMDAwMDAsInJlYWQiOjMwMDAwMDAwMDAwMCwidXBkYXRlIjoyNzAwMDAwMDAwMDAwfX0=",
          "dependencies": [
            "module.common.azurerm_storage_account.storage_account",
            "module.linux.azurerm_availability_set.linux-avs",
            "module.linux.azurerm_network_interface.linux-nic",
            "module.linux.azurerm_public_ip.linux-pip",
            "module.network.azurerm_subnet.subnet-1",
            "module.network.azurerm_virtual_network.network",
            "module.resource_group.azurerm_resource_group.this"
          ]
        },
        {
          "index_key": 1,
          "schema_version": 0,
          "attributes": {
            "additional_capabilities": [],
            "admin_password": null,
            "admin_ssh_key": [
              {
                "public_key": "ssh-rsa AAAAB3NzaC1yc2EAAAADAQABAAABgQCsSo+ff/qGNXi+dVH/ftayAXFAGqmL4eKJ08cPYil1z451bYgydQapkCNICFhDLes4bhqUI3nKQ6EXw96DG5gQrgdeAN0yn/RwjCZKxD8cwbjl0jeCvI7ORgMc/tUDHyNOToYmc8lIH6tK7Lny/8eLUxn8HjyT8ragxx7Lp1YMVxOVOFmOEpV4KKZJJtzZR0qxUP2tp9BBSJkRCQyIiIJKjb7X1aCBUd7JyM13Y9M6mz11WlBCLnFQ4Iut0AFM7GSZbJcBhhg5GEwSNGdEzBj3NJNM+UJ8pRIdcRkXWlbwhjiyfCyCimDLfRsfq2OIhDfcvIG83v/sz+BqfF27JRavpznGc4ZZ72txOutftUmkLVQlLL4bLk8n8YthtwPrzvARGBP87bp1eQPotL6UfXSmOdBHzst23onFbRuiq3wxG5N8n9wmS2WTmecf30oRdGp0JRBnO6KzeUH3FEtnfTmFREtjsHNt3UU/3hxNp8CMEBNyIMeELBDQvAaeP8/4RHE= Rutul Joshi@HCHUMBE-UDN1HFQ\n",
                "username": "rj3099"
              }
            ],
            "admin_username": "rj3099",
            "allow_extension_operations": true,
            "availability_set_id": "/subscriptions/187b5db0-c028-4ccf-9948-c76d9d4b0f59/resourceGroups/99198-assignment2-RG/providers/Microsoft.Compute/availabilitySets/LINUX-AVS",
            "boot_diagnostics": [
              {
                "storage_account_uri": "https://storageaccountrutul9198.blob.core.windows.net/"
              }
            ],
            "capacity_reservation_group_id": "",
            "computer_name": "linux-9198-vm-cn-2",
            "custom_data": null,
            "dedicated_host_group_id": "",
            "dedicated_host_id": "",
            "disable_password_authentication": true,
            "edge_zone": "",
            "encryption_at_host_enabled": false,
            "eviction_policy": "",
            "extensions_time_budget": "PT1H30M",
            "gallery_application": [],
            "id": "/subscriptions/187b5db0-c028-4ccf-9948-c76d9d4b0f59/resourceGroups/99198-assignment2-RG/providers/Microsoft.Compute/virtualMachines/linux-9198-vm-vm-2",
            "identity": [],
            "license_type": "",
            "location": "canadacentral",
            "max_bid_price": -1,
            "name": "linux-9198-vm-vm-2",
            "network_interface_ids": [
              "/subscriptions/187b5db0-c028-4ccf-9948-c76d9d4b0f59/resourceGroups/99198-assignment2-RG/providers/Microsoft.Network/networkInterfaces/linux-9198-vm-nic-1"
            ],
            "os_disk": [
              {
                "caching": "ReadWrite",
                "diff_disk_settings": [],
                "disk_encryption_set_id": "",
                "disk_size_gb": 32,
                "name": "linux-9198-vm-os-disk-2",
                "secure_vm_disk_encryption_set_id": "",
                "security_encryption_type": "",
                "storage_account_type": "Premium_LRS",
                "write_accelerator_enabled": false
              }
            ],
            "patch_assessment_mode": "ImageDefault",
            "patch_mode": "ImageDefault",
            "plan": [],
            "platform_fault_domain": -1,
            "priority": "Regular",
            "private_ip_address": "10.0.1.5",
            "private_ip_addresses": [
              "10.0.1.5"
            ],
            "provision_vm_agent": true,
            "proximity_placement_group_id": "",
            "public_ip_address": "20.104.247.205",
            "public_ip_addresses": [
              "20.104.247.205"
            ],
            "resource_group_name": "99198-assignment2-RG",
            "secret": [],
            "secure_boot_enabled": false,
            "size": "Standard_B1ms",
            "source_image_id": "",
            "source_image_reference": [
              {
                "offer": "CentOS",
                "publisher": "OpenLogic",
                "sku": "8_2",
                "version": "latest"
              }
            ],
            "tags": {},
            "termination_notification": [],
            "timeouts": null,
            "user_data": "",
            "virtual_machine_id": "ca9e4563-6a73-4c31-a541-ab04f3cd498f",
            "virtual_machine_scale_set_id": "",
            "vtpm_enabled": false,
            "zone": ""
          },
          "sensitive_attributes": [],
          "private": "eyJlMmJmYjczMC1lY2FhLTExZTYtOGY4OC0zNDM2M2JjN2M0YzAiOnsiY3JlYXRlIjoyNzAwMDAwMDAwMDAwLCJkZWxldGUiOjI3MDAwMDAwMDAwMDAsInJlYWQiOjMwMDAwMDAwMDAwMCwidXBkYXRlIjoyNzAwMDAwMDAwMDAwfX0=",
          "dependencies": [
            "module.common.azurerm_storage_account.storage_account",
            "module.linux.azurerm_availability_set.linux-avs",
            "module.linux.azurerm_network_interface.linux-nic",
            "module.linux.azurerm_public_ip.linux-pip",
            "module.network.azurerm_subnet.subnet-1",
            "module.network.azurerm_virtual_network.network",
            "module.resource_group.azurerm_resource_group.this"
          ]
        }
      ]
    },
    {
      "module": "module.linux",
      "mode": "managed",
      "type": "azurerm_network_interface",
      "name": "linux-nic",
      "provider": "provider[\"registry.terraform.io/hashicorp/azurerm\"]",
      "instances": [
        {
          "index_key": 0,
          "schema_version": 0,
          "attributes": {
            "applied_dns_servers": [],
            "dns_servers": [],
            "edge_zone": "",
            "enable_accelerated_networking": false,
            "enable_ip_forwarding": false,
            "id": "/subscriptions/187b5db0-c028-4ccf-9948-c76d9d4b0f59/resourceGroups/99198-assignment2-RG/providers/Microsoft.Network/networkInterfaces/linux-9198-vm-nic-1",
            "internal_dns_name_label": "",
            "internal_domain_name_suffix": "hz3rxhjzzupejhr0vfpo25mdbc.ux.internal.cloudapp.net",
            "ip_configuration": [
              {
                "gateway_load_balancer_frontend_ip_configuration_id": "",
                "name": "lvm-9198-ipconfig-1",
                "primary": true,
                "private_ip_address": "10.0.1.5",
                "private_ip_address_allocation": "Dynamic",
                "private_ip_address_version": "IPv4",
                "public_ip_address_id": "/subscriptions/187b5db0-c028-4ccf-9948-c76d9d4b0f59/resourceGroups/99198-assignment2-RG/providers/Microsoft.Network/publicIPAddresses/linux-9198-vm-pip-2",
                "subnet_id": "/subscriptions/187b5db0-c028-4ccf-9948-c76d9d4b0f59/resourceGroups/99198-assignment2-RG/providers/Microsoft.Network/virtualNetworks/vnet-production/subnets/subnet-1"
              }
            ],
            "location": "canadacentral",
            "mac_address": "00-0D-3A-F3-DD-FC",
            "name": "linux-9198-vm-nic-1",
            "private_ip_address": "10.0.1.5",
            "private_ip_addresses": [
              "10.0.1.5"
            ],
            "resource_group_name": "99198-assignment2-RG",
            "tags": {},
            "timeouts": null,
            "virtual_machine_id": "/subscriptions/187b5db0-c028-4ccf-9948-c76d9d4b0f59/resourceGroups/99198-assignment2-RG/providers/Microsoft.Compute/virtualMachines/linux-9198-vm-vm-2"
          },
          "sensitive_attributes": [],
          "private": "eyJlMmJmYjczMC1lY2FhLTExZTYtOGY4OC0zNDM2M2JjN2M0YzAiOnsiY3JlYXRlIjoxODAwMDAwMDAwMDAwLCJkZWxldGUiOjE4MDAwMDAwMDAwMDAsInJlYWQiOjMwMDAwMDAwMDAwMCwidXBkYXRlIjoxODAwMDAwMDAwMDAwfX0=",
          "dependencies": [
            "module.linux.azurerm_public_ip.linux-pip",
            "module.network.azurerm_subnet.subnet-1",
            "module.network.azurerm_virtual_network.network",
            "module.resource_group.azurerm_resource_group.this"
          ]
        },
        {
          "index_key": 1,
          "schema_version": 0,
          "attributes": {
            "applied_dns_servers": [],
            "dns_servers": [],
            "edge_zone": "",
            "enable_accelerated_networking": false,
            "enable_ip_forwarding": false,
            "id": "/subscriptions/187b5db0-c028-4ccf-9948-c76d9d4b0f59/resourceGroups/99198-assignment2-RG/providers/Microsoft.Network/networkInterfaces/linux-9198-vm-nic-2",
            "internal_dns_name_label": "",
            "internal_domain_name_suffix": "hz3rxhjzzupejhr0vfpo25mdbc.ux.internal.cloudapp.net",
            "ip_configuration": [
              {
                "gateway_load_balancer_frontend_ip_configuration_id": "",
                "name": "lvm-9198-ipconfig-2",
                "primary": true,
                "private_ip_address": "10.0.1.6",
                "private_ip_address_allocation": "Dynamic",
                "private_ip_address_version": "IPv4",
                "public_ip_address_id": "/subscriptions/187b5db0-c028-4ccf-9948-c76d9d4b0f59/resourceGroups/99198-assignment2-RG/providers/Microsoft.Network/publicIPAddresses/linux-9198-vm-pip-1",
                "subnet_id": "/subscriptions/187b5db0-c028-4ccf-9948-c76d9d4b0f59/resourceGroups/99198-assignment2-RG/providers/Microsoft.Network/virtualNetworks/vnet-production/subnets/subnet-1"
              }
            ],
            "location": "canadacentral",
            "mac_address": "00-0D-3A-F3-DF-73",
            "name": "linux-9198-vm-nic-2",
            "private_ip_address": "10.0.1.6",
            "private_ip_addresses": [
              "10.0.1.6"
            ],
            "resource_group_name": "99198-assignment2-RG",
            "tags": {},
            "timeouts": null,
            "virtual_machine_id": "/subscriptions/187b5db0-c028-4ccf-9948-c76d9d4b0f59/resourceGroups/99198-assignment2-RG/providers/Microsoft.Compute/virtualMachines/linux-9198-vm-vm-1"
          },
          "sensitive_attributes": [],
          "private": "eyJlMmJmYjczMC1lY2FhLTExZTYtOGY4OC0zNDM2M2JjN2M0YzAiOnsiY3JlYXRlIjoxODAwMDAwMDAwMDAwLCJkZWxldGUiOjE4MDAwMDAwMDAwMDAsInJlYWQiOjMwMDAwMDAwMDAwMCwidXBkYXRlIjoxODAwMDAwMDAwMDAwfX0=",
          "dependencies": [
            "module.linux.azurerm_public_ip.linux-pip",
            "module.network.azurerm_subnet.subnet-1",
            "module.network.azurerm_virtual_network.network",
            "module.resource_group.azurerm_resource_group.this"
          ]
        }
      ]
    },
    {
      "module": "module.linux",
      "mode": "managed",
      "type": "azurerm_public_ip",
      "name": "linux-pip",
      "provider": "provider[\"registry.terraform.io/hashicorp/azurerm\"]",
      "instances": [
        {
          "index_key": 0,
          "schema_version": 0,
          "attributes": {
            "allocation_method": "Static",
            "ddos_protection_mode": "VirtualNetworkInherited",
            "ddos_protection_plan_id": null,
            "domain_name_label": "linux-9198-vm-dns-1",
            "edge_zone": "",
            "fqdn": "linux-9198-vm-dns-1.canadacentral.cloudapp.azure.com",
            "id": "/subscriptions/187b5db0-c028-4ccf-9948-c76d9d4b0f59/resourceGroups/99198-assignment2-RG/providers/Microsoft.Network/publicIPAddresses/linux-9198-vm-pip-1",
            "idle_timeout_in_minutes": 4,
            "ip_address": "20.104.247.212",
            "ip_tags": {},
            "ip_version": "IPv4",
            "location": "canadacentral",
            "name": "linux-9198-vm-pip-1",
            "public_ip_prefix_id": null,
            "resource_group_name": "99198-assignment2-RG",
            "reverse_fqdn": "",
            "sku": "Basic",
            "sku_tier": "Regional",
            "tags": {},
            "timeouts": null,
            "zones": []
          },
          "sensitive_attributes": [],
          "private": "eyJlMmJmYjczMC1lY2FhLTExZTYtOGY4OC0zNDM2M2JjN2M0YzAiOnsiY3JlYXRlIjoxODAwMDAwMDAwMDAwLCJkZWxldGUiOjE4MDAwMDAwMDAwMDAsInJlYWQiOjMwMDAwMDAwMDAwMCwidXBkYXRlIjoxODAwMDAwMDAwMDAwfX0=",
          "dependencies": [
            "module.resource_group.azurerm_resource_group.this"
          ]
        },
        {
          "index_key": 1,
          "schema_version": 0,
          "attributes": {
            "allocation_method": "Static",
            "ddos_protection_mode": "VirtualNetworkInherited",
            "ddos_protection_plan_id": null,
            "domain_name_label": "linux-9198-vm-dns-2",
            "edge_zone": "",
            "fqdn": "linux-9198-vm-dns-2.canadacentral.cloudapp.azure.com",
            "id": "/subscriptions/187b5db0-c028-4ccf-9948-c76d9d4b0f59/resourceGroups/99198-assignment2-RG/providers/Microsoft.Network/publicIPAddresses/linux-9198-vm-pip-2",
            "idle_timeout_in_minutes": 4,
            "ip_address": "20.104.247.205",
            "ip_tags": {},
            "ip_version": "IPv4",
            "location": "canadacentral",
            "name": "linux-9198-vm-pip-2",
            "public_ip_prefix_id": null,
            "resource_group_name": "99198-assignment2-RG",
            "reverse_fqdn": "",
            "sku": "Basic",
            "sku_tier": "Regional",
            "tags": {},
            "timeouts": null,
            "zones": []
          },
          "sensitive_attributes": [],
          "private": "eyJlMmJmYjczMC1lY2FhLTExZTYtOGY4OC0zNDM2M2JjN2M0YzAiOnsiY3JlYXRlIjoxODAwMDAwMDAwMDAwLCJkZWxldGUiOjE4MDAwMDAwMDAwMDAsInJlYWQiOjMwMDAwMDAwMDAwMCwidXBkYXRlIjoxODAwMDAwMDAwMDAwfX0=",
          "dependencies": [
            "module.resource_group.azurerm_resource_group.this"
          ]
        }
      ]
    },
    {
      "module": "module.linux",
      "mode": "managed",
      "type": "azurerm_virtual_machine_extension",
      "name": "linux-vme",
      "provider": "provider[\"registry.terraform.io/hashicorp/azurerm\"]",
      "instances": []
    },
    {
      "module": "module.linux",
      "mode": "managed",
      "type": "null_resource",
      "name": "ansible_provisioner",
      "provider": "provider[\"registry.terraform.io/hashicorp/null\"]",
      "instances": [
        {
          "index_key": 0,
          "status": "tainted",
          "schema_version": 0,
          "attributes": {
            "id": "5805680688882528334",
            "triggers": {
              "instance_public_ip": "20.104.247.212"
            }
          },
          "sensitive_attributes": [],
          "dependencies": [
            "module.linux.azurerm_public_ip.linux-pip"
          ]
        },
        {
          "index_key": 1,
          "status": "tainted",
          "schema_version": 0,
          "attributes": {
            "id": "7624431220923454419",
            "triggers": {
              "instance_public_ip": "20.104.247.205"
            }
          },
          "sensitive_attributes": [],
          "dependencies": [
            "module.linux.azurerm_public_ip.linux-pip"
          ]
        }
      ]
    },
    {
      "module": "module.loadbalancer",
      "mode": "managed",
      "type": "azurerm_lb",
      "name": "loadbalancer",
      "provider": "provider[\"registry.terraform.io/hashicorp/azurerm\"]",
      "instances": [
        {
          "schema_version": 0,
          "attributes": {
            "edge_zone": "",
            "frontend_ip_configuration": [
              {
                "gateway_load_balancer_frontend_ip_configuration_id": "",
                "id": "/subscriptions/187b5db0-c028-4ccf-9948-c76d9d4b0f59/resourceGroups/99198-assignment2-RG/providers/Microsoft.Network/loadBalancers/loadbalancer-9198/frontendIPConfigurations/PublicIPAddress_1",
                "inbound_nat_rules": [],
                "load_balancer_rules": [
                  "/subscriptions/187b5db0-c028-4ccf-9948-c76d9d4b0f59/resourceGroups/99198-assignment2-RG/providers/Microsoft.Network/loadBalancers/loadbalancer-9198/loadBalancingRules/loadbalancer-rule-9198-1"
                ],
                "name": "PublicIPAddress_1",
                "outbound_rules": [],
                "private_ip_address": "",
                "private_ip_address_allocation": "Dynamic",
                "private_ip_address_version": "",
                "public_ip_address_id": "/subscriptions/187b5db0-c028-4ccf-9948-c76d9d4b0f59/resourceGroups/99198-assignment2-RG/providers/Microsoft.Network/publicIPAddresses/loadbalancer-pubip-9198-lbpip-1",
                "public_ip_prefix_id": "",
                "subnet_id": "",
                "zones": []
              },
              {
                "gateway_load_balancer_frontend_ip_configuration_id": "",
                "id": "/subscriptions/187b5db0-c028-4ccf-9948-c76d9d4b0f59/resourceGroups/99198-assignment2-RG/providers/Microsoft.Network/loadBalancers/loadbalancer-9198/frontendIPConfigurations/PublicIPAddress_2",
                "inbound_nat_rules": [],
                "load_balancer_rules": [
                  "/subscriptions/187b5db0-c028-4ccf-9948-c76d9d4b0f59/resourceGroups/99198-assignment2-RG/providers/Microsoft.Network/loadBalancers/loadbalancer-9198/loadBalancingRules/loadbalancer-rule-9198-2"
                ],
                "name": "PublicIPAddress_2",
                "outbound_rules": [],
                "private_ip_address": "",
                "private_ip_address_allocation": "Dynamic",
                "private_ip_address_version": "",
                "public_ip_address_id": "/subscriptions/187b5db0-c028-4ccf-9948-c76d9d4b0f59/resourceGroups/99198-assignment2-RG/providers/Microsoft.Network/publicIPAddresses/loadbalancer-pubip-9198-lbpip-2",
                "public_ip_prefix_id": "",
                "subnet_id": "",
                "zones": []
              }
            ],
            "id": "/subscriptions/187b5db0-c028-4ccf-9948-c76d9d4b0f59/resourceGroups/99198-assignment2-RG/providers/Microsoft.Network/loadBalancers/loadbalancer-9198",
            "location": "canadacentral",
            "name": "loadbalancer-9198",
            "private_ip_address": "",
            "private_ip_addresses": [],
            "resource_group_name": "99198-assignment2-RG",
            "sku": "Basic",
            "sku_tier": "Regional",
            "tags": {
              "Environment": "Lab",
              "ExpirationDate": "2023-06-30",
              "Name": "Rutul.Joshi",
              "Project": "Automation Project – Assignment 2"
            },
            "timeouts": null
          },
          "sensitive_attributes": [],
          "private": "eyJlMmJmYjczMC1lY2FhLTExZTYtOGY4OC0zNDM2M2JjN2M0YzAiOnsiY3JlYXRlIjoxODAwMDAwMDAwMDAwLCJkZWxldGUiOjE4MDAwMDAwMDAwMDAsInJlYWQiOjMwMDAwMDAwMDAwMCwidXBkYXRlIjoxODAwMDAwMDAwMDAwfX0=",
          "dependencies": [
            "module.loadbalancer.azurerm_public_ip.loadbalancer-pubip",
            "module.resource_group.azurerm_resource_group.this"
          ]
        }
      ]
    },
    {
      "module": "module.loadbalancer",
      "mode": "managed",
      "type": "azurerm_lb_backend_address_pool",
      "name": "backend_address_pool",
      "provider": "provider[\"registry.terraform.io/hashicorp/azurerm\"]",
      "instances": [
        {
          "schema_version": 0,
          "attributes": {
            "backend_ip_configurations": [
              "/subscriptions/187b5db0-c028-4ccf-9948-c76d9d4b0f59/resourceGroups/99198-assignment2-RG/providers/Microsoft.Network/networkInterfaces/linux-9198-vm-nic-2/ipConfigurations/lvm-9198-ipconfig-2",
              "/subscriptions/187b5db0-c028-4ccf-9948-c76d9d4b0f59/resourceGroups/99198-assignment2-RG/providers/Microsoft.Network/networkInterfaces/linux-9198-vm-nic-1/ipConfigurations/lvm-9198-ipconfig-1"
            ],
            "id": "/subscriptions/187b5db0-c028-4ccf-9948-c76d9d4b0f59/resourceGroups/99198-assignment2-RG/providers/Microsoft.Network/loadBalancers/loadbalancer-9198/backendAddressPools/backendaddresspool-9198",
            "inbound_nat_rules": [],
            "load_balancing_rules": [],
            "loadbalancer_id": "/subscriptions/187b5db0-c028-4ccf-9948-c76d9d4b0f59/resourceGroups/99198-assignment2-RG/providers/Microsoft.Network/loadBalancers/loadbalancer-9198",
            "name": "backendaddresspool-9198",
            "outbound_rules": [],
            "timeouts": null,
            "tunnel_interface": []
          },
          "sensitive_attributes": [],
          "private": "eyJlMmJmYjczMC1lY2FhLTExZTYtOGY4OC0zNDM2M2JjN2M0YzAiOnsiY3JlYXRlIjoxODAwMDAwMDAwMDAwLCJkZWxldGUiOjE4MDAwMDAwMDAwMDAsInJlYWQiOjMwMDAwMDAwMDAwMCwidXBkYXRlIjoxODAwMDAwMDAwMDAwfX0=",
          "dependencies": [
            "module.loadbalancer.azurerm_lb.loadbalancer",
            "module.loadbalancer.azurerm_public_ip.loadbalancer-pubip",
            "module.resource_group.azurerm_resource_group.this"
          ]
        }
      ]
    },
    {
      "module": "module.loadbalancer",
      "mode": "managed",
      "type": "azurerm_lb_probe",
      "name": "loadbalancer_probe",
      "provider": "provider[\"registry.terraform.io/hashicorp/azurerm\"]",
      "instances": [
        {
          "schema_version": 0,
          "attributes": {
            "id": "/subscriptions/187b5db0-c028-4ccf-9948-c76d9d4b0f59/resourceGroups/99198-assignment2-RG/providers/Microsoft.Network/loadBalancers/loadbalancer-9198/probes/loadbalancer-probe-9198",
            "interval_in_seconds": 5,
            "load_balancer_rules": [],
            "loadbalancer_id": "/subscriptions/187b5db0-c028-4ccf-9948-c76d9d4b0f59/resourceGroups/99198-assignment2-RG/providers/Microsoft.Network/loadBalancers/loadbalancer-9198",
            "name": "loadbalancer-probe-9198",
            "number_of_probes": 2,
            "port": 80,
            "probe_threshold": 1,
            "protocol": "Tcp",
            "request_path": "",
            "timeouts": null
          },
          "sensitive_attributes": [],
          "private": "eyJlMmJmYjczMC1lY2FhLTExZTYtOGY4OC0zNDM2M2JjN2M0YzAiOnsiY3JlYXRlIjoxODAwMDAwMDAwMDAwLCJkZWxldGUiOjE4MDAwMDAwMDAwMDAsInJlYWQiOjMwMDAwMDAwMDAwMCwidXBkYXRlIjoxODAwMDAwMDAwMDAwfX0=",
          "dependencies": [
            "module.loadbalancer.azurerm_lb.loadbalancer",
            "module.loadbalancer.azurerm_public_ip.loadbalancer-pubip",
            "module.resource_group.azurerm_resource_group.this"
          ]
        }
      ]
    },
    {
      "module": "module.loadbalancer",
      "mode": "managed",
      "type": "azurerm_lb_rule",
      "name": "loadbalancer_rule",
      "provider": "provider[\"registry.terraform.io/hashicorp/azurerm\"]",
      "instances": [
        {
          "index_key": 0,
          "schema_version": 0,
          "attributes": {
            "backend_address_pool_ids": [],
            "backend_port": 9198,
            "disable_outbound_snat": false,
            "enable_floating_ip": false,
            "enable_tcp_reset": false,
            "frontend_ip_configuration_id": "/subscriptions/187b5db0-c028-4ccf-9948-c76d9d4b0f59/resourceGroups/99198-assignment2-RG/providers/Microsoft.Network/loadBalancers/loadbalancer-9198/frontendIPConfigurations/PublicIPAddress_1",
            "frontend_ip_configuration_name": "PublicIPAddress_1",
            "frontend_port": 9198,
            "id": "/subscriptions/187b5db0-c028-4ccf-9948-c76d9d4b0f59/resourceGroups/99198-assignment2-RG/providers/Microsoft.Network/loadBalancers/loadbalancer-9198/loadBalancingRules/loadbalancer-rule-9198-1",
            "idle_timeout_in_minutes": 4,
            "load_distribution": "Default",
            "loadbalancer_id": "/subscriptions/187b5db0-c028-4ccf-9948-c76d9d4b0f59/resourceGroups/99198-assignment2-RG/providers/Microsoft.Network/loadBalancers/loadbalancer-9198",
            "name": "loadbalancer-rule-9198-1",
            "probe_id": "",
            "protocol": "Tcp",
            "timeouts": null
          },
          "sensitive_attributes": [],
          "private": "eyJlMmJmYjczMC1lY2FhLTExZTYtOGY4OC0zNDM2M2JjN2M0YzAiOnsiY3JlYXRlIjoxODAwMDAwMDAwMDAwLCJkZWxldGUiOjE4MDAwMDAwMDAwMDAsInJlYWQiOjMwMDAwMDAwMDAwMCwidXBkYXRlIjoxODAwMDAwMDAwMDAwfX0=",
          "dependencies": [
            "module.loadbalancer.azurerm_lb.loadbalancer",
            "module.loadbalancer.azurerm_public_ip.loadbalancer-pubip",
            "module.resource_group.azurerm_resource_group.this"
          ]
        },
        {
          "index_key": 1,
          "schema_version": 0,
          "attributes": {
            "backend_address_pool_ids": [],
            "backend_port": 9198,
            "disable_outbound_snat": false,
            "enable_floating_ip": false,
            "enable_tcp_reset": false,
            "frontend_ip_configuration_id": "/subscriptions/187b5db0-c028-4ccf-9948-c76d9d4b0f59/resourceGroups/99198-assignment2-RG/providers/Microsoft.Network/loadBalancers/loadbalancer-9198/frontendIPConfigurations/PublicIPAddress_2",
            "frontend_ip_configuration_name": "PublicIPAddress_2",
            "frontend_port": 9198,
            "id": "/subscriptions/187b5db0-c028-4ccf-9948-c76d9d4b0f59/resourceGroups/99198-assignment2-RG/providers/Microsoft.Network/loadBalancers/loadbalancer-9198/loadBalancingRules/loadbalancer-rule-9198-2",
            "idle_timeout_in_minutes": 4,
            "load_distribution": "Default",
            "loadbalancer_id": "/subscriptions/187b5db0-c028-4ccf-9948-c76d9d4b0f59/resourceGroups/99198-assignment2-RG/providers/Microsoft.Network/loadBalancers/loadbalancer-9198",
            "name": "loadbalancer-rule-9198-2",
            "probe_id": "",
            "protocol": "Tcp",
            "timeouts": null
          },
          "sensitive_attributes": [],
          "private": "eyJlMmJmYjczMC1lY2FhLTExZTYtOGY4OC0zNDM2M2JjN2M0YzAiOnsiY3JlYXRlIjoxODAwMDAwMDAwMDAwLCJkZWxldGUiOjE4MDAwMDAwMDAwMDAsInJlYWQiOjMwMDAwMDAwMDAwMCwidXBkYXRlIjoxODAwMDAwMDAwMDAwfX0=",
          "dependencies": [
            "module.loadbalancer.azurerm_lb.loadbalancer",
            "module.loadbalancer.azurerm_public_ip.loadbalancer-pubip",
            "module.resource_group.azurerm_resource_group.this"
          ]
        }
      ]
    },
    {
      "module": "module.loadbalancer",
      "mode": "managed",
      "type": "azurerm_network_interface_backend_address_pool_association",
      "name": "loadbalancer_pool_association",
      "provider": "provider[\"registry.terraform.io/hashicorp/azurerm\"]",
      "instances": [
        {
          "index_key": "lvm-9198-vm-1",
          "schema_version": 0,
          "attributes": {
            "backend_address_pool_id": "/subscriptions/187b5db0-c028-4ccf-9948-c76d9d4b0f59/resourceGroups/99198-assignment2-RG/providers/Microsoft.Network/loadBalancers/loadbalancer-9198/backendAddressPools/backendaddresspool-9198",
            "id": "/subscriptions/187b5db0-c028-4ccf-9948-c76d9d4b0f59/resourceGroups/99198-assignment2-RG/providers/Microsoft.Network/networkInterfaces/linux-9198-vm-nic-1/ipConfigurations/lvm-9198-ipconfig-1|/subscriptions/187b5db0-c028-4ccf-9948-c76d9d4b0f59/resourceGroups/99198-assignment2-RG/providers/Microsoft.Network/loadBalancers/loadbalancer-9198/backendAddressPools/backendaddresspool-9198",
            "ip_configuration_name": "lvm-9198-ipconfig-1",
            "network_interface_id": "/subscriptions/187b5db0-c028-4ccf-9948-c76d9d4b0f59/resourceGroups/99198-assignment2-RG/providers/Microsoft.Network/networkInterfaces/linux-9198-vm-nic-1",
            "timeouts": null
          },
          "sensitive_attributes": [],
          "private": "eyJlMmJmYjczMC1lY2FhLTExZTYtOGY4OC0zNDM2M2JjN2M0YzAiOnsiY3JlYXRlIjoxODAwMDAwMDAwMDAwLCJkZWxldGUiOjE4MDAwMDAwMDAwMDAsInJlYWQiOjMwMDAwMDAwMDAwMCwidXBkYXRlIjoxODAwMDAwMDAwMDAwfX0=",
          "dependencies": [
            "module.linux.azurerm_network_interface.linux-nic",
            "module.linux.azurerm_public_ip.linux-pip",
            "module.loadbalancer.azurerm_lb.loadbalancer",
            "module.loadbalancer.azurerm_lb_backend_address_pool.backend_address_pool",
            "module.loadbalancer.azurerm_public_ip.loadbalancer-pubip",
            "module.network.azurerm_subnet.subnet-1",
            "module.network.azurerm_virtual_network.network",
            "module.resource_group.azurerm_resource_group.this"
          ]
        },
        {
          "index_key": "lvm-9198-vm-2",
          "schema_version": 0,
          "attributes": {
            "backend_address_pool_id": "/subscriptions/187b5db0-c028-4ccf-9948-c76d9d4b0f59/resourceGroups/99198-assignment2-RG/providers/Microsoft.Network/loadBalancers/loadbalancer-9198/backendAddressPools/backendaddresspool-9198",
            "id": "/subscriptions/187b5db0-c028-4ccf-9948-c76d9d4b0f59/resourceGroups/99198-assignment2-RG/providers/Microsoft.Network/networkInterfaces/linux-9198-vm-nic-2/ipConfigurations/lvm-9198-ipconfig-2|/subscriptions/187b5db0-c028-4ccf-9948-c76d9d4b0f59/resourceGroups/99198-assignment2-RG/providers/Microsoft.Network/loadBalancers/loadbalancer-9198/backendAddressPools/backendaddresspool-9198",
            "ip_configuration_name": "lvm-9198-ipconfig-2",
            "network_interface_id": "/subscriptions/187b5db0-c028-4ccf-9948-c76d9d4b0f59/resourceGroups/99198-assignment2-RG/providers/Microsoft.Network/networkInterfaces/linux-9198-vm-nic-2",
            "timeouts": null
          },
          "sensitive_attributes": [],
          "private": "eyJlMmJmYjczMC1lY2FhLTExZTYtOGY4OC0zNDM2M2JjN2M0YzAiOnsiY3JlYXRlIjoxODAwMDAwMDAwMDAwLCJkZWxldGUiOjE4MDAwMDAwMDAwMDAsInJlYWQiOjMwMDAwMDAwMDAwMCwidXBkYXRlIjoxODAwMDAwMDAwMDAwfX0=",
          "dependencies": [
            "module.linux.azurerm_network_interface.linux-nic",
            "module.linux.azurerm_public_ip.linux-pip",
            "module.loadbalancer.azurerm_lb.loadbalancer",
            "module.loadbalancer.azurerm_lb_backend_address_pool.backend_address_pool",
            "module.loadbalancer.azurerm_public_ip.loadbalancer-pubip",
            "module.network.azurerm_subnet.subnet-1",
            "module.network.azurerm_virtual_network.network",
            "module.resource_group.azurerm_resource_group.this"
          ]
        }
      ]
    },
    {
      "module": "module.loadbalancer",
      "mode": "managed",
      "type": "azurerm_public_ip",
      "name": "loadbalancer-pubip",
      "provider": "provider[\"registry.terraform.io/hashicorp/azurerm\"]",
      "instances": [
        {
          "index_key": 0,
          "schema_version": 0,
          "attributes": {
            "allocation_method": "Static",
            "ddos_protection_mode": "VirtualNetworkInherited",
            "ddos_protection_plan_id": null,
            "domain_name_label": "lbdns-91981",
            "edge_zone": "",
            "fqdn": "lbdns-91981.canadacentral.cloudapp.azure.com",
            "id": "/subscriptions/187b5db0-c028-4ccf-9948-c76d9d4b0f59/resourceGroups/99198-assignment2-RG/providers/Microsoft.Network/publicIPAddresses/loadbalancer-pubip-9198-lbpip-1",
            "idle_timeout_in_minutes": 4,
            "ip_address": "20.104.247.202",
            "ip_tags": {},
            "ip_version": "IPv4",
            "location": "canadacentral",
            "name": "loadbalancer-pubip-9198-lbpip-1",
            "public_ip_prefix_id": null,
            "resource_group_name": "99198-assignment2-RG",
            "reverse_fqdn": "",
            "sku": "Basic",
            "sku_tier": "Regional",
            "tags": {
              "Environment": "Lab",
              "ExpirationDate": "2023-06-30",
              "Name": "Rutul.Joshi",
              "Project": "Automation Project – Assignment 2"
            },
            "timeouts": null,
            "zones": []
          },
          "sensitive_attributes": [],
          "private": "eyJlMmJmYjczMC1lY2FhLTExZTYtOGY4OC0zNDM2M2JjN2M0YzAiOnsiY3JlYXRlIjoxODAwMDAwMDAwMDAwLCJkZWxldGUiOjE4MDAwMDAwMDAwMDAsInJlYWQiOjMwMDAwMDAwMDAwMCwidXBkYXRlIjoxODAwMDAwMDAwMDAwfX0=",
          "dependencies": [
            "module.resource_group.azurerm_resource_group.this"
          ]
        },
        {
          "index_key": 1,
          "schema_version": 0,
          "attributes": {
            "allocation_method": "Static",
            "ddos_protection_mode": "VirtualNetworkInherited",
            "ddos_protection_plan_id": null,
            "domain_name_label": "lbdns-91982",
            "edge_zone": "",
            "fqdn": "lbdns-91982.canadacentral.cloudapp.azure.com",
            "id": "/subscriptions/187b5db0-c028-4ccf-9948-c76d9d4b0f59/resourceGroups/99198-assignment2-RG/providers/Microsoft.Network/publicIPAddresses/loadbalancer-pubip-9198-lbpip-2",
            "idle_timeout_in_minutes": 4,
            "ip_address": "20.104.247.211",
            "ip_tags": {},
            "ip_version": "IPv4",
            "location": "canadacentral",
            "name": "loadbalancer-pubip-9198-lbpip-2",
            "public_ip_prefix_id": null,
            "resource_group_name": "99198-assignment2-RG",
            "reverse_fqdn": "",
            "sku": "Basic",
            "sku_tier": "Regional",
            "tags": {
              "Environment": "Lab",
              "ExpirationDate": "2023-06-30",
              "Name": "Rutul.Joshi",
              "Project": "Automation Project – Assignment 2"
            },
            "timeouts": null,
            "zones": []
          },
          "sensitive_attributes": [],
          "private": "eyJlMmJmYjczMC1lY2FhLTExZTYtOGY4OC0zNDM2M2JjN2M0YzAiOnsiY3JlYXRlIjoxODAwMDAwMDAwMDAwLCJkZWxldGUiOjE4MDAwMDAwMDAwMDAsInJlYWQiOjMwMDAwMDAwMDAwMCwidXBkYXRlIjoxODAwMDAwMDAwMDAwfX0=",
          "dependencies": [
            "module.resource_group.azurerm_resource_group.this"
          ]
        }
      ]
    },
    {
      "module": "module.network",
      "mode": "managed",
      "type": "azurerm_network_security_group",
      "name": "nsg-1",
      "provider": "provider[\"registry.terraform.io/hashicorp/azurerm\"]",
      "instances": [
        {
          "schema_version": 0,
          "attributes": {
            "id": "/subscriptions/187b5db0-c028-4ccf-9948-c76d9d4b0f59/resourceGroups/99198-assignment2-RG/providers/Microsoft.Network/networkSecurityGroups/nsg-1",
            "location": "canadacentral",
            "name": "nsg-1",
            "resource_group_name": "99198-assignment2-RG",
            "security_rule": [
              {
                "access": "Allow",
                "description": "",
                "destination_address_prefix": "*",
                "destination_address_prefixes": [],
                "destination_application_security_group_ids": [],
                "destination_port_range": "22",
                "destination_port_ranges": [],
                "direction": "Inbound",
                "name": "AllowSSH",
                "priority": 100,
                "protocol": "Tcp",
                "source_address_prefix": "*",
                "source_address_prefixes": [],
                "source_application_security_group_ids": [],
                "source_port_range": "*",
                "source_port_ranges": []
              }
            ],
            "tags": {
              "Environment": "Lab",
              "ExpirationDate": "2023-06-30",
              "Name": "Rutul.Joshi",
              "Project": "Automation Project – Assignment 2"
            },
            "timeouts": null
          },
          "sensitive_attributes": [],
          "private": "eyJlMmJmYjczMC1lY2FhLTExZTYtOGY4OC0zNDM2M2JjN2M0YzAiOnsiY3JlYXRlIjoxODAwMDAwMDAwMDAwLCJkZWxldGUiOjE4MDAwMDAwMDAwMDAsInJlYWQiOjMwMDAwMDAwMDAwMCwidXBkYXRlIjoxODAwMDAwMDAwMDAwfX0=",
          "dependencies": [
            "module.resource_group.azurerm_resource_group.this"
          ]
        }
      ]
    },
    {
      "module": "module.network",
      "mode": "managed",
      "type": "azurerm_subnet",
      "name": "subnet-1",
      "provider": "provider[\"registry.terraform.io/hashicorp/azurerm\"]",
      "instances": [
        {
          "schema_version": 0,
          "attributes": {
            "address_prefixes": [
              "10.0.1.0/24"
            ],
            "delegation": [],
            "enforce_private_link_endpoint_network_policies": false,
            "enforce_private_link_service_network_policies": false,
            "id": "/subscriptions/187b5db0-c028-4ccf-9948-c76d9d4b0f59/resourceGroups/99198-assignment2-RG/providers/Microsoft.Network/virtualNetworks/vnet-production/subnets/subnet-1",
            "name": "subnet-1",
            "private_endpoint_network_policies_enabled": true,
            "private_link_service_network_policies_enabled": true,
            "resource_group_name": "99198-assignment2-RG",
            "service_endpoint_policy_ids": [],
            "service_endpoints": [],
            "timeouts": null,
            "virtual_network_name": "vnet-production"
          },
          "sensitive_attributes": [],
          "private": "eyJlMmJmYjczMC1lY2FhLTExZTYtOGY4OC0zNDM2M2JjN2M0YzAiOnsiY3JlYXRlIjoxODAwMDAwMDAwMDAwLCJkZWxldGUiOjE4MDAwMDAwMDAwMDAsInJlYWQiOjMwMDAwMDAwMDAwMCwidXBkYXRlIjoxODAwMDAwMDAwMDAwfX0=",
          "dependencies": [
            "module.network.azurerm_virtual_network.network",
            "module.resource_group.azurerm_resource_group.this"
          ]
        }
      ]
    },
    {
      "module": "module.network",
      "mode": "managed",
      "type": "azurerm_virtual_network",
      "name": "network",
      "provider": "provider[\"registry.terraform.io/hashicorp/azurerm\"]",
      "instances": [
        {
          "schema_version": 0,
          "attributes": {
            "address_space": [
              "10.0.0.0/16"
            ],
            "bgp_community": "",
            "ddos_protection_plan": [],
            "dns_servers": [],
            "edge_zone": "",
            "flow_timeout_in_minutes": 0,
            "guid": "9d1b7b3e-cd39-441e-9e3a-a95eee7d830a",
            "id": "/subscriptions/187b5db0-c028-4ccf-9948-c76d9d4b0f59/resourceGroups/99198-assignment2-RG/providers/Microsoft.Network/virtualNetworks/vnet-production",
            "location": "canadacentral",
            "name": "vnet-production",
            "resource_group_name": "99198-assignment2-RG",
            "subnet": [
              {
                "address_prefix": "10.0.1.0/24",
                "id": "/subscriptions/187b5db0-c028-4ccf-9948-c76d9d4b0f59/resourceGroups/99198-assignment2-RG/providers/Microsoft.Network/virtualNetworks/vnet-production/subnets/subnet-1",
                "name": "subnet-1",
                "security_group": ""
              }
            ],
            "tags": {
              "Environment": "Lab",
              "ExpirationDate": "2023-06-30",
              "Name": "Rutul.Joshi",
              "Project": "Automation Project – Assignment 2"
            },
            "timeouts": null
          },
          "sensitive_attributes": [],
          "private": "eyJlMmJmYjczMC1lY2FhLTExZTYtOGY4OC0zNDM2M2JjN2M0YzAiOnsiY3JlYXRlIjoxODAwMDAwMDAwMDAwLCJkZWxldGUiOjE4MDAwMDAwMDAwMDAsInJlYWQiOjMwMDAwMDAwMDAwMCwidXBkYXRlIjoxODAwMDAwMDAwMDAwfX0=",
          "dependencies": [
            "module.resource_group.azurerm_resource_group.this"
          ]
        }
      ]
    },
    {
      "module": "module.resource_group",
      "mode": "managed",
      "type": "azurerm_resource_group",
      "name": "this",
      "provider": "provider[\"registry.terraform.io/hashicorp/azurerm\"]",
      "instances": [
        {
          "schema_version": 0,
          "attributes": {
            "id": "/subscriptions/187b5db0-c028-4ccf-9948-c76d9d4b0f59/resourceGroups/99198-assignment2-RG",
            "location": "canadacentral",
            "name": "99198-assignment2-RG",
            "tags": {
              "Environment": "Lab",
              "ExpirationDate": "2023-06-30",
              "Name": "Rutul.Joshi",
              "Project": "Automation Project – Assignment 2"
            },
            "timeouts": null
          },
          "sensitive_attributes": [],
          "private": "eyJlMmJmYjczMC1lY2FhLTExZTYtOGY4OC0zNDM2M2JjN2M0YzAiOnsiY3JlYXRlIjo1NDAwMDAwMDAwMDAwLCJkZWxldGUiOjU0MDAwMDAwMDAwMDAsInJlYWQiOjMwMDAwMDAwMDAwMCwidXBkYXRlIjo1NDAwMDAwMDAwMDAwfX0="
        }
      ]
    },
    {
      "module": "module.windows",
      "mode": "managed",
      "type": "azurerm_availability_set",
      "name": "windows-avs",
      "provider": "provider[\"registry.terraform.io/hashicorp/azurerm\"]",
      "instances": [
        {
          "schema_version": 0,
          "attributes": {
            "id": "/subscriptions/187b5db0-c028-4ccf-9948-c76d9d4b0f59/resourceGroups/99198-assignment2-RG/providers/Microsoft.Compute/availabilitySets/win-avs",
            "location": "canadacentral",
            "managed": true,
            "name": "win-avs",
            "platform_fault_domain_count": 2,
            "platform_update_domain_count": 5,
            "proximity_placement_group_id": null,
            "resource_group_name": "99198-assignment2-RG",
            "tags": {},
            "timeouts": null
          },
          "sensitive_attributes": [],
          "private": "eyJlMmJmYjczMC1lY2FhLTExZTYtOGY4OC0zNDM2M2JjN2M0YzAiOnsiY3JlYXRlIjoxODAwMDAwMDAwMDAwLCJkZWxldGUiOjE4MDAwMDAwMDAwMDAsInJlYWQiOjMwMDAwMDAwMDAwMCwidXBkYXRlIjoxODAwMDAwMDAwMDAwfX0=",
          "dependencies": [
            "module.resource_group.azurerm_resource_group.this"
          ]
        }
      ]
    },
    {
      "module": "module.windows",
      "mode": "managed",
      "type": "azurerm_network_interface",
      "name": "windows-nic",
      "provider": "provider[\"registry.terraform.io/hashicorp/azurerm\"]",
      "instances": [
        {
          "schema_version": 0,
          "attributes": {
            "applied_dns_servers": [],
            "dns_servers": [],
            "edge_zone": "",
            "enable_accelerated_networking": false,
            "enable_ip_forwarding": false,
            "id": "/subscriptions/187b5db0-c028-4ccf-9948-c76d9d4b0f59/resourceGroups/99198-assignment2-RG/providers/Microsoft.Network/networkInterfaces/win-9198-nic",
            "internal_dns_name_label": "",
            "internal_domain_name_suffix": "hz3rxhjzzupejhr0vfpo25mdbc.ux.internal.cloudapp.net",
            "ip_configuration": [
              {
                "gateway_load_balancer_frontend_ip_configuration_id": "",
                "name": "win-9198-ipconfig",
                "primary": true,
                "private_ip_address": "10.0.1.4",
                "private_ip_address_allocation": "Dynamic",
                "private_ip_address_version": "IPv4",
                "public_ip_address_id": "/subscriptions/187b5db0-c028-4ccf-9948-c76d9d4b0f59/resourceGroups/99198-assignment2-RG/providers/Microsoft.Network/publicIPAddresses/win-9198-pip",
                "subnet_id": "/subscriptions/187b5db0-c028-4ccf-9948-c76d9d4b0f59/resourceGroups/99198-assignment2-RG/providers/Microsoft.Network/virtualNetworks/vnet-production/subnets/subnet-1"
              }
            ],
            "location": "canadacentral",
            "mac_address": "00-22-48-B2-A7-5E",
            "name": "win-9198-nic",
            "private_ip_address": "10.0.1.4",
            "private_ip_addresses": [
              "10.0.1.4"
            ],
            "resource_group_name": "99198-assignment2-RG",
            "tags": {
              "Environment": "Lab",
              "ExpirationDate": "2023-06-30",
              "Name": "Rutul.Joshi",
              "Project": "Automation Project – Assignment 2"
            },
            "timeouts": null,
            "virtual_machine_id": "/subscriptions/187b5db0-c028-4ccf-9948-c76d9d4b0f59/resourceGroups/99198-assignment2-RG/providers/Microsoft.Compute/virtualMachines/win-9198-vm"
          },
          "sensitive_attributes": [],
          "private": "eyJlMmJmYjczMC1lY2FhLTExZTYtOGY4OC0zNDM2M2JjN2M0YzAiOnsiY3JlYXRlIjoxODAwMDAwMDAwMDAwLCJkZWxldGUiOjE4MDAwMDAwMDAwMDAsInJlYWQiOjMwMDAwMDAwMDAwMCwidXBkYXRlIjoxODAwMDAwMDAwMDAwfX0=",
          "dependencies": [
            "module.network.azurerm_subnet.subnet-1",
            "module.network.azurerm_virtual_network.network",
            "module.resource_group.azurerm_resource_group.this",
            "module.windows.azurerm_public_ip.windows-pip"
          ]
        }
      ]
    },
    {
      "module": "module.windows",
      "mode": "managed",
      "type": "azurerm_public_ip",
      "name": "windows-pip",
      "provider": "provider[\"registry.terraform.io/hashicorp/azurerm\"]",
      "instances": [
        {
          "schema_version": 0,
          "attributes": {
            "allocation_method": "Static",
            "ddos_protection_mode": "VirtualNetworkInherited",
            "ddos_protection_plan_id": null,
            "domain_name_label": "win-9198-dns",
            "edge_zone": "",
            "fqdn": "win-9198-dns.canadacentral.cloudapp.azure.com",
            "id": "/subscriptions/187b5db0-c028-4ccf-9948-c76d9d4b0f59/resourceGroups/99198-assignment2-RG/providers/Microsoft.Network/publicIPAddresses/win-9198-pip",
            "idle_timeout_in_minutes": 4,
            "ip_address": "20.104.247.207",
            "ip_tags": {},
            "ip_version": "IPv4",
            "location": "canadacentral",
            "name": "win-9198-pip",
            "public_ip_prefix_id": null,
            "resource_group_name": "99198-assignment2-RG",
            "reverse_fqdn": "",
            "sku": "Basic",
            "sku_tier": "Regional",
            "tags": {
              "Environment": "Lab",
              "ExpirationDate": "2023-06-30",
              "Name": "Rutul.Joshi",
              "Project": "Automation Project – Assignment 2"
            },
            "timeouts": null,
            "zones": []
          },
          "sensitive_attributes": [],
          "private": "eyJlMmJmYjczMC1lY2FhLTExZTYtOGY4OC0zNDM2M2JjN2M0YzAiOnsiY3JlYXRlIjoxODAwMDAwMDAwMDAwLCJkZWxldGUiOjE4MDAwMDAwMDAwMDAsInJlYWQiOjMwMDAwMDAwMDAwMCwidXBkYXRlIjoxODAwMDAwMDAwMDAwfX0=",
          "dependencies": [
            "module.resource_group.azurerm_resource_group.this"
          ]
        }
      ]
    },
    {
      "module": "module.windows",
      "mode": "managed",
      "type": "azurerm_virtual_machine_extension",
      "name": "windows-vmexe",
      "provider": "provider[\"registry.terraform.io/hashicorp/azurerm\"]",
      "instances": [
        {
          "schema_version": 0,
          "attributes": {
            "auto_upgrade_minor_version": false,
            "automatic_upgrade_enabled": false,
            "failure_suppression_enabled": false,
            "id": "/subscriptions/187b5db0-c028-4ccf-9948-c76d9d4b0f59/resourceGroups/99198-assignment2-RG/providers/Microsoft.Compute/virtualMachines/win-9198-vm/extensions/win-9198-vmexe",
            "name": "win-9198-vmexe",
            "protected_settings": null,
            "protected_settings_from_key_vault": [],
            "publisher": "Microsoft.Azure.Security.AntimalwareSignature",
            "settings": null,
            "tags": {
              "Environment": "Lab",
              "ExpirationDate": "2023-06-30",
              "Name": "Rutul.Joshi",
              "Project": "Automation Project – Assignment 2"
            },
            "timeouts": null,
            "type": "AntimalwareConfiguration",
            "type_handler_version": "2.58",
            "virtual_machine_id": "/subscriptions/187b5db0-c028-4ccf-9948-c76d9d4b0f59/resourceGroups/99198-assignment2-RG/providers/Microsoft.Compute/virtualMachines/win-9198-vm"
          },
          "sensitive_attributes": [],
          "private": "eyJlMmJmYjczMC1lY2FhLTExZTYtOGY4OC0zNDM2M2JjN2M0YzAiOnsiY3JlYXRlIjoxODAwMDAwMDAwMDAwLCJkZWxldGUiOjE4MDAwMDAwMDAwMDAsInJlYWQiOjMwMDAwMDAwMDAwMCwidXBkYXRlIjoxODAwMDAwMDAwMDAwfX0=",
          "dependencies": [
            "module.common.azurerm_storage_account.storage_account",
            "module.network.azurerm_subnet.subnet-1",
            "module.network.azurerm_virtual_network.network",
            "module.resource_group.azurerm_resource_group.this",
            "module.windows.azurerm_availability_set.windows-avs",
            "module.windows.azurerm_network_interface.windows-nic",
            "module.windows.azurerm_public_ip.windows-pip",
            "module.windows.azurerm_windows_virtual_machine.windows-vm"
          ]
        }
      ]
    },
    {
      "module": "module.windows",
      "mode": "managed",
      "type": "azurerm_windows_virtual_machine",
      "name": "windows-vm",
      "provider": "provider[\"registry.terraform.io/hashicorp/azurerm\"]",
      "instances": [
        {
          "schema_version": 0,
          "attributes": {
            "additional_capabilities": [],
            "additional_unattend_content": [],
            "admin_password": "rutul-30",
            "admin_username": "rutul",
            "allow_extension_operations": true,
            "availability_set_id": "/subscriptions/187b5db0-c028-4ccf-9948-c76d9d4b0f59/resourceGroups/99198-assignment2-RG/providers/Microsoft.Compute/availabilitySets/WIN-AVS",
            "boot_diagnostics": [
              {
                "storage_account_uri": "https://storageaccountrutul9198.blob.core.windows.net/"
              }
            ],
            "capacity_reservation_group_id": "",
            "computer_name": "win-9198",
            "custom_data": null,
            "dedicated_host_group_id": "",
            "dedicated_host_id": "",
            "edge_zone": "",
            "enable_automatic_updates": true,
            "encryption_at_host_enabled": false,
            "eviction_policy": "",
            "extensions_time_budget": "PT1H30M",
            "gallery_application": [],
            "hotpatching_enabled": false,
            "id": "/subscriptions/187b5db0-c028-4ccf-9948-c76d9d4b0f59/resourceGroups/99198-assignment2-RG/providers/Microsoft.Compute/virtualMachines/win-9198-vm",
            "identity": [],
            "license_type": "",
            "location": "canadacentral",
            "max_bid_price": -1,
            "name": "win-9198-vm",
            "network_interface_ids": [
              "/subscriptions/187b5db0-c028-4ccf-9948-c76d9d4b0f59/resourceGroups/99198-assignment2-RG/providers/Microsoft.Network/networkInterfaces/win-9198-nic"
            ],
            "os_disk": [
              {
                "caching": "ReadWrite",
                "diff_disk_settings": [],
                "disk_encryption_set_id": "",
                "disk_size_gb": 128,
                "name": "win-9198-os-disk",
                "secure_vm_disk_encryption_set_id": "",
                "security_encryption_type": "",
                "storage_account_type": "StandardSSD_LRS",
                "write_accelerator_enabled": false
              }
            ],
            "patch_assessment_mode": "ImageDefault",
            "patch_mode": "AutomaticByOS",
            "plan": [],
            "platform_fault_domain": -1,
            "priority": "Regular",
            "private_ip_address": "10.0.1.4",
            "private_ip_addresses": [
              "10.0.1.4"
            ],
            "provision_vm_agent": true,
            "proximity_placement_group_id": "",
            "public_ip_address": "20.104.247.207",
            "public_ip_addresses": [
              "20.104.247.207"
            ],
            "resource_group_name": "99198-assignment2-RG",
            "secret": [],
            "secure_boot_enabled": false,
            "size": "Standard_B1ms",
            "source_image_id": "",
            "source_image_reference": [
              {
                "offer": "WindowsServer",
                "publisher": "MicrosoftWindowsServer",
                "sku": "2016-Datacenter",
                "version": "latest"
              }
            ],
            "tags": {
              "Environment": "Lab",
              "ExpirationDate": "2023-06-30",
              "Name": "Rutul.Joshi",
              "Project": "Automation Project – Assignment 2"
            },
            "termination_notification": [],
            "timeouts": null,
            "timezone": "",
            "user_data": "",
            "virtual_machine_id": "11a3db1d-923d-436b-9502-da408a00e7f0",
            "virtual_machine_scale_set_id": "",
            "vtpm_enabled": false,
            "winrm_listener": [
              {
                "certificate_url": "",
                "protocol": "Http"
              }
            ],
            "zone": ""
          },
          "sensitive_attributes": [],
          "private": "eyJlMmJmYjczMC1lY2FhLTExZTYtOGY4OC0zNDM2M2JjN2M0YzAiOnsiY3JlYXRlIjoyNzAwMDAwMDAwMDAwLCJkZWxldGUiOjI3MDAwMDAwMDAwMDAsInJlYWQiOjMwMDAwMDAwMDAwMCwidXBkYXRlIjoyNzAwMDAwMDAwMDAwfX0=",
          "dependencies": [
            "module.common.azurerm_storage_account.storage_account",
            "module.network.azurerm_subnet.subnet-1",
            "module.network.azurerm_virtual_network.network",
            "module.resource_group.azurerm_resource_group.this",
            "module.windows.azurerm_availability_set.windows-avs",
            "module.windows.azurerm_network_interface.windows-nic",
            "module.windows.azurerm_public_ip.windows-pip"
          ]
        }
      ]
    }
  ],
  "check_results": null
}
